
Microsoft Visual Studio Solution File, Format Version 12.00
# Visual Studio Version 16
VisualStudioVersion = 16.0.30320.27
MinimumVisualStudioVersion = 10.0.40219.1
Project("{9A19103F-16F7-4668-BE54-9A1E7A4F7556}") = "iHttpClientfactory", "iHttpClientfactory.csproj", "{DE778543-3410-4A65-BD0A-6B70FCCCFF06}"
EndProject
Global
	GlobalSection(SolutionConfigurationPlatforms) = preSolution
		Debug|Any CPU = Debug|Any CPU
		Release|Any CPU = Release|Any CPU
	EndGlobalSection
	GlobalSection(ProjectConfigurationPlatforms) = postSolution
		{DE778543-3410-4A65-BD0A-6B70FCCCFF06}.Debug|Any CPU.ActiveCfg = Debug|Any CPU
		{DE778543-3410-4A65-BD0A-6B70FCCCFF06}.Debug|Any CPU.Build.0 = Debug|Any CPU
		{DE778543-3410-4A65-BD0A-6B70FCCCFF06}.Release|Any CPU.ActiveCfg = Release|Any CPU
		{DE778543-3410-4A65-BD0A-6B70FCCCFF06}.Release|Any CPU.Build.0 = Release|Any CPU
	EndGlobalSection
	GlobalSection(SolutionProperties) = preSolution
		HideSolutionNode = FALSE
	EndGlobalSection
	GlobalSection(ExtensibilityGlobals) = postSolution
		SolutionGuid = {F2E7FD4E-B5C0-4238-8210-99B9E99D9E6B}
	EndGlobalSection
EndGlobal
